
Microsoft Visual Studio Solution File, Format Version 12.00
# Visual Studio Version 17
VisualStudioVersion = 17.2.32630.192
MinimumVisualStudioVersion = 10.0.40219.1
Project("{FAE04EC0-301F-11D3-BF4B-00C04F79EFBC}") = "ExercicioEnterprise", "ExercicioEnterprise.csproj", "{E3E7A01A-055C-47B7-8676-7B3EA49E9813}"
EndProject
Global
	GlobalSection(SolutionConfigurationPlatforms) = preSolution
		Debug|Any CPU = Debug|Any CPU
		Release|Any CPU = Release|Any CPU
	EndGlobalSection
	GlobalSection(ProjectConfigurationPlatforms) = postSolution
		{E3E7A01A-055C-47B7-8676-7B3EA49E9813}.Debug|Any CPU.ActiveCfg = Debug|Any CPU
		{E3E7A01A-055C-47B7-8676-7B3EA49E9813}.Debug|Any CPU.Build.0 = Debug|Any CPU
		{E3E7A01A-055C-47B7-8676-7B3EA49E9813}.Release|Any CPU.ActiveCfg = Release|Any CPU
		{E3E7A01A-055C-47B7-8676-7B3EA49E9813}.Release|Any CPU.Build.0 = Release|Any CPU
	EndGlobalSection
	GlobalSection(SolutionProperties) = preSolution
		HideSolutionNode = FALSE
	EndGlobalSection
	GlobalSection(ExtensibilityGlobals) = postSolution
		SolutionGuid = {5C6AA0A3-F89E-4812-8221-067A35866F0A}
	EndGlobalSection
EndGlobal
